
Microsoft Visual Studio Solution File, Format Version 12.00
# Visual Studio 15
VisualStudioVersion = 15.0.27004.2002
MinimumVisualStudioVersion = 10.0.40219.1
Project("{FAE04EC0-301F-11D3-BF4B-00C04F79EFBC}") = "addressbook-web-tests", "addressbook-web-tests\addressbook-web-tests.csproj", "{77959DCE-AE59-4EF4-9230-0908ECABF261}"
EndProject
Project("{FAE04EC0-301F-11D3-BF4B-00C04F79EFBC}") = "addressbook-test-data-generators", "addressbook-test-data-generators\addressbook-test-data-generators.csproj", "{CDE1788A-F4EF-46CC-8C15-23119EDC2F05}"
EndProject
Global
	GlobalSection(SolutionConfigurationPlatforms) = preSolution
		Debug|Any CPU = Debug|Any CPU
		Release|Any CPU = Release|Any CPU
	EndGlobalSection
	GlobalSection(ProjectConfigurationPlatforms) = postSolution
		{77959DCE-AE59-4EF4-9230-0908ECABF261}.Debug|Any CPU.ActiveCfg = Debug|Any CPU
		{77959DCE-AE59-4EF4-9230-0908ECABF261}.Debug|Any CPU.Build.0 = Debug|Any CPU
		{77959DCE-AE59-4EF4-9230-0908ECABF261}.Release|Any CPU.ActiveCfg = Release|Any CPU
		{77959DCE-AE59-4EF4-9230-0908ECABF261}.Release|Any CPU.Build.0 = Release|Any CPU
		{CDE1788A-F4EF-46CC-8C15-23119EDC2F05}.Debug|Any CPU.ActiveCfg = Debug|Any CPU
		{CDE1788A-F4EF-46CC-8C15-23119EDC2F05}.Debug|Any CPU.Build.0 = Debug|Any CPU
		{CDE1788A-F4EF-46CC-8C15-23119EDC2F05}.Release|Any CPU.ActiveCfg = Release|Any CPU
		{CDE1788A-F4EF-46CC-8C15-23119EDC2F05}.Release|Any CPU.Build.0 = Release|Any CPU
	EndGlobalSection
	GlobalSection(SolutionProperties) = preSolution
		HideSolutionNode = FALSE
	EndGlobalSection
	GlobalSection(ExtensibilityGlobals) = postSolution
		SolutionGuid = {864ECE83-D1EA-43C2-9851-93744F8D6B71}
	EndGlobalSection
EndGlobal
